// !$*UTF8*$!
{
	archiveVersion = 1;
	classes = {
	};
	objectVersion = 50;
	objects = {

/* Begin PBXBuildFile section */
		5B07FCF9B86A609019739AB2 /* Pods_JustClean.framework in Frameworks */ = {isa = PBXBuildFile; fileRef = 18B833313AF1808AB2F4C904 /* Pods_JustClean.framework */; };
		A77899CF211867B50045D00C /* AppDelegate.swift in Sources */ = {isa = PBXBuildFile; fileRef = A77899CE211867B50045D00C /* AppDelegate.swift */; };
		A77899D1211867B50045D00C /* ViewController.swift in Sources */ = {isa = PBXBuildFile; fileRef = A77899D0211867B50045D00C /* ViewController.swift */; };
		A77899D4211867B50045D00C /* Main.storyboard in Resources */ = {isa = PBXBuildFile; fileRef = A77899D2211867B50045D00C /* Main.storyboard */; };
		A77899D6211867B60045D00C /* Assets.xcassets in Resources */ = {isa = PBXBuildFile; fileRef = A77899D5211867B60045D00C /* Assets.xcassets */; };
		A77899D9211867B60045D00C /* LaunchScreen.storyboard in Resources */ = {isa = PBXBuildFile; fileRef = A77899D7211867B60045D00C /* LaunchScreen.storyboard */; };
		A77899E1211873900045D00C /* ListItem.swift in Sources */ = {isa = PBXBuildFile; fileRef = A77899E0211873900045D00C /* ListItem.swift */; };
		A77899E3211877B00045D00C /* List.swift in Sources */ = {isa = PBXBuildFile; fileRef = A77899E2211877B00045D00C /* List.swift */; };
		A77899E5211879770045D00C /* APIService.swift in Sources */ = {isa = PBXBuildFile; fileRef = A77899E4211879770045D00C /* APIService.swift */; };
		A77899E721187AA30045D00C /* ListError.swift in Sources */ = {isa = PBXBuildFile; fileRef = A77899E621187AA30045D00C /* ListError.swift */; };
		A7DCB346211889ED00150597 /* ListTableViewCell.swift in Sources */ = {isa = PBXBuildFile; fileRef = A7DCB344211889ED00150597 /* ListTableViewCell.swift */; };
		A7DCB347211889ED00150597 /* ListTableViewCell.xib in Resources */ = {isa = PBXBuildFile; fileRef = A7DCB345211889ED00150597 /* ListTableViewCell.xib */; };
		A7DCB34921188ED200150597 /* DetailViewController.swift in Sources */ = {isa = PBXBuildFile; fileRef = A7DCB34821188ED200150597 /* DetailViewController.swift */; };
/* End PBXBuildFile section */

/* Begin PBXFileReference section */
		18B833313AF1808AB2F4C904 /* Pods_JustClean.framework */ = {isa = PBXFileReference; explicitFileType = wrapper.framework; includeInIndex = 0; path = Pods_JustClean.framework; sourceTree = BUILT_PRODUCTS_DIR; };
		9ABD076053A049479D066AC2 /* Pods-JustClean.release.xcconfig */ = {isa = PBXFileReference; includeInIndex = 1; lastKnownFileType = text.xcconfig; name = "Pods-JustClean.release.xcconfig"; path = "Pods/Target Support Files/Pods-JustClean/Pods-JustClean.release.xcconfig"; sourceTree = "<group>"; };
		9D4B435398B84A87E25EEA14 /* Pods-JustClean.debug.xcconfig */ = {isa = PBXFileReference; includeInIndex = 1; lastKnownFileType = text.xcconfig; name = "Pods-JustClean.debug.xcconfig"; path = "Pods/Target Support Files/Pods-JustClean/Pods-JustClean.debug.xcconfig"; sourceTree = "<group>"; };
		A77899CB211867B50045D00C /* JustClean.app */ = {isa = PBXFileReference; explicitFileType = wrapper.application; includeInIndex = 0; path = JustClean.app; sourceTree = BUILT_PRODUCTS_DIR; };
		A77899CE211867B50045D00C /* AppDelegate.swift */ = {isa = PBXFileReference; lastKnownFileType = sourcecode.swift; path = AppDelegate.swift; sourceTree = "<group>"; };
		A77899D0211867B50045D00C /* ViewController.swift */ = {isa = PBXFileReference; lastKnownFileType = sourcecode.swift; path = ViewController.swift; sourceTree = "<group>"; };
		A77899D3211867B50045D00C /* Base */ = {isa = PBXFileReference; lastKnownFileType = file.storyboard; name = Base; path = Base.lproj/Main.storyboard; sourceTree = "<group>"; };
		A77899D5211867B60045D00C /* Assets.xcassets */ = {isa = PBXFileReference; lastKnownFileType = folder.assetcatalog; path = Assets.xcassets; sourceTree = "<group>"; };
		A77899D8211867B60045D00C /* Base */ = {isa = PBXFileReference; lastKnownFileType = file.storyboard; name = Base; path = Base.lproj/LaunchScreen.storyboard; sourceTree = "<group>"; };
		A77899DA211867B60045D00C /* Info.plist */ = {isa = PBXFileReference; lastKnownFileType = text.plist.xml; path = Info.plist; sourceTree = "<group>"; };
		A77899E0211873900045D00C /* ListItem.swift */ = {isa = PBXFileReference; lastKnownFileType = sourcecode.swift; path = ListItem.swift; sourceTree = "<group>"; };
		A77899E2211877B00045D00C /* List.swift */ = {isa = PBXFileReference; lastKnownFileType = sourcecode.swift; path = List.swift; sourceTree = "<group>"; };
		A77899E4211879770045D00C /* APIService.swift */ = {isa = PBXFileReference; lastKnownFileType = sourcecode.swift; path = APIService.swift; sourceTree = "<group>"; };
		A77899E621187AA30045D00C /* ListError.swift */ = {isa = PBXFileReference; lastKnownFileType = sourcecode.swift; path = ListError.swift; sourceTree = "<group>"; };
		A7DCB344211889ED00150597 /* ListTableViewCell.swift */ = {isa = PBXFileReference; lastKnownFileType = sourcecode.swift; path = ListTableViewCell.swift; sourceTree = "<group>"; };
		A7DCB345211889ED00150597 /* ListTableViewCell.xib */ = {isa = PBXFileReference; lastKnownFileType = file.xib; path = ListTableViewCell.xib; sourceTree = "<group>"; };
		A7DCB34821188ED200150597 /* DetailViewController.swift */ = {isa = PBXFileReference; lastKnownFileType = sourcecode.swift; path = DetailViewController.swift; sourceTree = "<group>"; };
/* End PBXFileReference section */

/* Begin PBXFrameworksBuildPhase section */
		A77899C8211867B50045D00C /* Frameworks */ = {
			isa = PBXFrameworksBuildPhase;
			buildActionMask = 2147483647;
			files = (
				5B07FCF9B86A609019739AB2 /* Pods_JustClean.framework in Frameworks */,
			);
			runOnlyForDeploymentPostprocessing = 0;
		};
/* End PBXFrameworksBuildPhase section */

/* Begin PBXGroup section */
		A77899C2211867B50045D00C = {
			isa = PBXGroup;
			children = (
				A77899CD211867B50045D00C /* JustClean */,
				A77899CC211867B50045D00C /* Products */,
				C4942ECA9EECBA6EE23559A4 /* Pods */,
				A9AFEABCB6BF020807DE672A /* Frameworks */,
			);
			sourceTree = "<group>";
		};
		A77899CC211867B50045D00C /* Products */ = {
			isa = PBXGroup;
			children = (
				A77899CB211867B50045D00C /* JustClean.app */,
			);
			name = Products;
			sourceTree = "<group>";
		};
		A77899CD211867B50045D00C /* JustClean */ = {
			isa = PBXGroup;
			children = (
				A77899CE211867B50045D00C /* AppDelegate.swift */,
				A77899D0211867B50045D00C /* ViewController.swift */,
				A7DCB34821188ED200150597 /* DetailViewController.swift */,
				A77899E0211873900045D00C /* ListItem.swift */,
				A77899E2211877B00045D00C /* List.swift */,
				A77899E4211879770045D00C /* APIService.swift */,
				A77899E621187AA30045D00C /* ListError.swift */,
				A7DCB344211889ED00150597 /* ListTableViewCell.swift */,
				A7DCB345211889ED00150597 /* ListTableViewCell.xib */,
				A77899D2211867B50045D00C /* Main.storyboard */,
				A77899D5211867B60045D00C /* Assets.xcassets */,
				A77899D7211867B60045D00C /* LaunchScreen.storyboard */,
				A77899DA211867B60045D00C /* Info.plist */,
			);
			path = JustClean;
			sourceTree = "<group>";
		};
		A9AFEABCB6BF020807DE672A /* Frameworks */ = {
			isa = PBXGroup;
			children = (
				18B833313AF1808AB2F4C904 /* Pods_JustClean.framework */,
			);
			name = Frameworks;
			sourceTree = "<group>";
		};
		C4942ECA9EECBA6EE23559A4 /* Pods */ = {
			isa = PBXGroup;
			children = (
				9D4B435398B84A87E25EEA14 /* Pods-JustClean.debug.xcconfig */,
				9ABD076053A049479D066AC2 /* Pods-JustClean.release.xcconfig */,
			);
			name = Pods;
			sourceTree = "<group>";
		};
/* End PBXGroup section */

/* Begin PBXNativeTarget section */
		A77899CA211867B50045D00C /* JustClean */ = {
			isa = PBXNativeTarget;
			buildConfigurationList = A77899DD211867B60045D00C /* Build configuration list for PBXNativeTarget "JustClean" */;
			buildPhases = (
				B06E17ABA87A8F0E486EACB2 /* [CP] Check Pods Manifest.lock */,
				A77899C7211867B50045D00C /* Sources */,
				A77899C8211867B50045D00C /* Frameworks */,
				A77899C9211867B50045D00C /* Resources */,
				92F23CFDA838DECE1C9B7EA8 /* [CP] Embed Pods Frameworks */,
			);
			buildRules = (
			);
			dependencies = (
			);
			name = JustClean;
			productName = JustClean;
			productReference = A77899CB211867B50045D00C /* JustClean.app */;
			productType = "com.apple.product-type.application";
		};
/* End PBXNativeTarget section */

/* Begin PBXProject section */
		A77899C3211867B50045D00C /* Project object */ = {
			isa = PBXProject;
			attributes = {
				LastSwiftUpdateCheck = 0940;
				LastUpgradeCheck = 0940;
				ORGANIZATIONNAME = "Jitendra Deore";
				TargetAttributes = {
					A77899CA211867B50045D00C = {
						CreatedOnToolsVersion = 9.4;
					};
				};
			};
			buildConfigurationList = A77899C6211867B50045D00C /* Build configuration list for PBXProject "JustClean" */;
			compatibilityVersion = "Xcode 9.3";
			developmentRegion = en;
			hasScannedForEncodings = 0;
			knownRegions = (
				en,
				Base,
			);
			mainGroup = A77899C2211867B50045D00C;
			productRefGroup = A77899CC211867B50045D00C /* Products */;
			projectDirPath = "";
			projectRoot = "";
			targets = (
				A77899CA211867B50045D00C /* JustClean */,
			);
		};
/* End PBXProject section */

/* Begin PBXResourcesBuildPhase section */
		A77899C9211867B50045D00C /* Resources */ = {
			isa = PBXResourcesBuildPhase;
			buildActionMask = 2147483647;
			files = (
				A77899D9211867B60045D00C /* LaunchScreen.storyboard in Resources */,
				A7DCB347211889ED00150597 /* ListTableViewCell.xib in Resources */,
				A77899D6211867B60045D00C /* Assets.xcassets in Resources */,
				A77899D4211867B50045D00C /* Main.storyboard in Resources */,
			);
			runOnlyForDeploymentPostprocessing = 0;
		};
/* End PBXResourcesBuildPhase section */

/* Begin PBXShellScriptBuildPhase section */
		92F23CFDA838DECE1C9B7EA8 /* [CP] Embed Pods Frameworks */ = {
			isa = PBXShellScriptBuildPhase;
			buildActionMask = 2147483647;
			files = (
			);
			inputPaths = (
				"${SRCROOT}/Pods/Target Support Files/Pods-JustClean/Pods-JustClean-frameworks.sh",
				"${BUILT_PRODUCTS_DIR}/SDWebImage/SDWebImage.framework",
			);
			name = "[CP] Embed Pods Frameworks";
			outputPaths = (
				"${TARGET_BUILD_DIR}/${FRAMEWORKS_FOLDER_PATH}/SDWebImage.framework",
			);
			runOnlyForDeploymentPostprocessing = 0;
			shellPath = /bin/sh;
			shellScript = "\"${SRCROOT}/Pods/Target Support Files/Pods-JustClean/Pods-JustClean-frameworks.sh\"\n";
			showEnvVarsInLog = 0;
		};
		B06E17ABA87A8F0E486EACB2 /* [CP] Check Pods Manifest.lock */ = {
			isa = PBXShellScriptBuildPhase;
			buildActionMask = 2147483647;
			files = (
			);
			inputPaths = (
				"${PODS_PODFILE_DIR_PATH}/Podfile.lock",
				"${PODS_ROOT}/Manifest.lock",
			);
			name = "[CP] Check Pods Manifest.lock";
			outputPaths = (
				"$(DERIVED_FILE_DIR)/Pods-JustClean-checkManifestLockResult.txt",
			);
			runOnlyForDeploymentPostprocessing = 0;
			shellPath = /bin/sh;
			shellScript = "diff \"${PODS_PODFILE_DIR_PATH}/Podfile.lock\" \"${PODS_ROOT}/Manifest.lock\" > /dev/null\nif [ $? != 0 ] ; then\n    # print error to STDERR\n    echo \"error: The sandbox is not in sync with the Podfile.lock. Run 'pod install' or update your CocoaPods installation.\" >&2\n    exit 1\nfi\n# This output is used by Xcode 'outputs' to avoid re-running this script phase.\necho \"SUCCESS\" > \"${SCRIPT_OUTPUT_FILE_0}\"\n";
			showEnvVarsInLog = 0;
		};
/* End PBXShellScriptBuildPhase section */

/* Begin PBXSourcesBuildPhase section */
		A77899C7211867B50045D00C /* Sources */ = {
			isa = PBXSourcesBuildPhase;
			buildActionMask = 2147483647;
			files = (
				A7DCB346211889ED00150597 /* ListTableViewCell.swift in Sources */,
				A77899E1211873900045D00C /* ListItem.swift in Sources */,
				A77899E5211879770045D00C /* APIService.swift in Sources */,
				A77899E3211877B00045D00C /* List.swift in Sources */,
				A77899D1211867B50045D00C /* ViewController.swift in Sources */,
				A77899E721187AA30045D00C /* ListError.swift in Sources */,
				A77899CF211867B50045D00C /* AppDelegate.swift in Sources */,
				A7DCB34921188ED200150597 /* DetailViewController.swift in Sources */,
			);
			runOnlyForDeploymentPostprocessing = 0;
		};
/* End PBXSourcesBuildPhase section */

/* Begin PBXVariantGroup section */
		A77899D2211867B50045D00C /* Main.storyboard */ = {
			isa = PBXVariantGroup;
			children = (
				A77899D3211867B50045D00C /* Base */,
			);
			name = Main.storyboard;
			sourceTree = "<group>";
		};
		A77899D7211867B60045D00C /* LaunchScreen.storyboard */ = {
			isa = PBXVariantGroup;
			children = (
				A77899D8211867B60045D00C /* Base */,
			);
			name = LaunchScreen.storyboard;
			sourceTree = "<group>";
		};
/* End PBXVariantGroup section */

/* Begin XCBuildConfiguration section */
		A77899DB211867B60045D00C /* Debug */ = {
			isa = XCBuildConfiguration;
			buildSettings = {
				ALWAYS_SEARCH_USER_PATHS = NO;
				CLANG_ANALYZER_NONNULL = YES;
				CLANG_ANALYZER_NUMBER_OBJECT_CONVERSION = YES_AGGRESSIVE;
				CLANG_CXX_LANGUAGE_STANDARD = "gnu++14";
				CLANG_CXX_LIBRARY = "libc++";
				CLANG_ENABLE_MODULES = YES;
				CLANG_ENABLE_OBJC_ARC = YES;
				CLANG_ENABLE_OBJC_WEAK = YES;
				CLANG_WARN_BLOCK_CAPTURE_AUTORELEASING = YES;
				CLANG_WARN_BOOL_CONVERSION = YES;
				CLANG_WARN_COMMA = YES;
				CLANG_WARN_CONSTANT_CONVERSION = YES;
				CLANG_WARN_DEPRECATED_OBJC_IMPLEMENTATIONS = YES;
				CLANG_WARN_DIRECT_OBJC_ISA_USAGE = YES_ERROR;
				CLANG_WARN_DOCUMENTATION_COMMENTS = YES;
				CLANG_WARN_EMPTY_BODY = YES;
				CLANG_WARN_ENUM_CONVERSION = YES;
				CLANG_WARN_INFINITE_RECURSION = YES;
				CLANG_WARN_INT_CONVERSION = YES;
				CLANG_WARN_NON_LITERAL_NULL_CONVERSION = YES;
				CLANG_WARN_OBJC_IMPLICIT_RETAIN_SELF = YES;
				CLANG_WARN_OBJC_LITERAL_CONVERSION = YES;
				CLANG_WARN_OBJC_ROOT_CLASS = YES_ERROR;
				CLANG_WARN_RANGE_LOOP_ANALYSIS = YES;
				CLANG_WARN_STRICT_PROTOTYPES = YES;
				CLANG_WARN_SUSPICIOUS_MOVE = YES;
				CLANG_WARN_UNGUARDED_AVAILABILITY = YES_AGGRESSIVE;
				CLANG_WARN_UNREACHABLE_CODE = YES;
				CLANG_WARN__DUPLICATE_METHOD_MATCH = YES;
				CODE_SIGN_IDENTITY = "iPhone Developer";
				COPY_PHASE_STRIP = NO;
				DEBUG_INFORMATION_FORMAT = dwarf;
				ENABLE_STRICT_OBJC_MSGSEND = YES;
				ENABLE_TESTABILITY = YES;
				GCC_C_LANGUAGE_STANDARD = gnu11;
				GCC_DYNAMIC_NO_PIC = NO;
				GCC_NO_COMMON_BLOCKS = YES;
				GCC_OPTIMIZATION_LEVEL = 0;
				GCC_PREPROCESSOR_DEFINITIONS = (
					"DEBUG=1",
					"$(inherited)",
				);
				GCC_WARN_64_TO_32_BIT_CONVERSION = YES;
				GCC_WARN_ABOUT_RETURN_TYPE = YES_ERROR;
				GCC_WARN_UNDECLARED_SELECTOR = YES;
				GCC_WARN_UNINITIALIZED_AUTOS = YES_AGGRESSIVE;
				GCC_WARN_UNUSED_FUNCTION = YES;
				GCC_WARN_UNUSED_VARIABLE = YES;
				IPHONEOS_DEPLOYMENT_TARGET = 11.4;
				MTL_ENABLE_DEBUG_INFO = YES;
				ONLY_ACTIVE_ARCH = YES;
				SDKROOT = iphoneos;
				SWIFT_ACTIVE_COMPILATION_CONDITIONS = DEBUG;
				SWIFT_OPTIMIZATION_LEVEL = "-Onone";
			};
			name = Debug;
		};
		A77899DC211867B60045D00C /* Release */ = {
			isa = XCBuildConfiguration;
			buildSettings = {
				ALWAYS_SEARCH_USER_PATHS = NO;
				CLANG_ANALYZER_NONNULL = YES;
				CLANG_ANALYZER_NUMBER_OBJECT_CONVERSION = YES_AGGRESSIVE;
				CLANG_CXX_LANGUAGE_STANDARD = "gnu++14";
				CLANG_CXX_LIBRARY = "libc++";
				CLANG_ENABLE_MODULES = YES;
				CLANG_ENABLE_OBJC_ARC = YES;
				CLANG_ENABLE_OBJC_WEAK = YES;
				CLANG_WARN_BLOCK_CAPTURE_AUTORELEASING = YES;
				CLANG_WARN_BOOL_CONVERSION = YES;
				CLANG_WARN_COMMA = YES;
				CLANG_WARN_CONSTANT_CONVERSION = YES;
				CLANG_WARN_DEPRECATED_OBJC_IMPLEMENTATIONS = YES;
				CLANG_WARN_DIRECT_OBJC_ISA_USAGE = YES_ERROR;
				CLANG_WARN_DOCUMENTATION_COMMENTS = YES;
				CLANG_WARN_EMPTY_BODY = YES;
				CLANG_WARN_ENUM_CONVERSION = YES;
				CLANG_WARN_INFINITE_RECURSION = YES;
				CLANG_WARN_INT_CONVERSION = YES;
				CLANG_WARN_NON_LITERAL_NULL_CONVERSION = YES;
				CLANG_WARN_OBJC_IMPLICIT_RETAIN_SELF = YES;
				CLANG_WARN_OBJC_LITERAL_CONVERSION = YES;
				CLANG_WARN_OBJC_ROOT_CLASS = YES_ERROR;
				CLANG_WARN_RANGE_LOOP_ANALYSIS = YES;
				CLANG_WARN_STRICT_PROTOTYPES = YES;
				CLANG_WARN_SUSPICIOUS_MOVE = YES;
				CLANG_WARN_UNGUARDED_AVAILABILITY = YES_AGGRESSIVE;
				CLANG_WARN_UNREACHABLE_CODE = YES;
				CLANG_WARN__DUPLICATE_METHOD_MATCH = YES;
				CODE_SIGN_IDENTITY = "iPhone Developer";
				COPY_PHASE_STRIP = NO;
				DEBUG_INFORMATION_FORMAT = "dwarf-with-dsym";
				ENABLE_NS_ASSERTIONS = NO;
				ENABLE_STRICT_OBJC_MSGSEND = YES;
				GCC_C_LANGUAGE_STANDARD = gnu11;
				GCC_NO_COMMON_BLOCKS = YES;
				GCC_WARN_64_TO_32_BIT_CONVERSION = YES;
				GCC_WARN_ABOUT_RETURN_TYPE = YES_ERROR;
				GCC_WARN_UNDECLARED_SELECTOR = YES;
				GCC_WARN_UNINITIALIZED_AUTOS = YES_AGGRESSIVE;
				GCC_WARN_UNUSED_FUNCTION = YES;
				GCC_WARN_UNUSED_VARIABLE = YES;
				IPHONEOS_DEPLOYMENT_TARGET = 11.4;
				MTL_ENABLE_DEBUG_INFO = NO;
				SDKROOT = iphoneos;
				SWIFT_COMPILATION_MODE = wholemodule;
				SWIFT_OPTIMIZATION_LEVEL = "-O";
				VALIDATE_PRODUCT = YES;
			};
			name = Release;
		};
		A77899DE211867B60045D00C /* Debug */ = {
			isa = XCBuildConfiguration;
			baseConfigurationReference = 9D4B435398B84A87E25EEA14 /* Pods-JustClean.debug.xcconfig */;
			buildSettings = {
				ASSETCATALOG_COMPILER_APPICON_NAME = AppIcon;
				CODE_SIGN_STYLE = Automatic;
				DEVELOPMENT_TEAM = KZRGFF6PB7;
				INFOPLIST_FILE = JustClean/Info.plist;
				LD_RUNPATH_SEARCH_PATHS = (
					"$(inherited)",
					"@executable_path/Frameworks",
				);
				PRODUCT_BUNDLE_IDENTIFIER = com.demo.JustClean;
				PRODUCT_NAME = "$(TARGET_NAME)";
				SWIFT_VERSION = 4.0;
				TARGETED_DEVICE_FAMILY = "1,2";
			};
			name = Debug;
		};
		A77899DF211867B60045D00C /* Release */ = {
			isa = XCBuildConfiguration;
			baseConfigurationReference = 9ABD076053A049479D066AC2 /* Pods-JustClean.release.xcconfig */;
			buildSettings = {
				ASSETCATALOG_COMPILER_APPICON_NAME = AppIcon;
				CODE_SIGN_STYLE = Automatic;
				DEVELOPMENT_TEAM = KZRGFF6PB7;
				INFOPLIST_FILE = JustClean/Info.plist;
				LD_RUNPATH_SEARCH_PATHS = (
					"$(inherited)",
					"@executable_path/Frameworks",
				);
				PRODUCT_BUNDLE_IDENTIFIER = com.demo.JustClean;
				PRODUCT_NAME = "$(TARGET_NAME)";
				SWIFT_VERSION = 4.0;
				TARGETED_DEVICE_FAMILY = "1,2";
			};
			name = Release;
		};
/* End XCBuildConfiguration section */

/* Begin XCConfigurationList section */
		A77899C6211867B50045D00C /* Build configuration list for PBXProject "JustClean" */ = {
			isa = XCConfigurationList;
			buildConfigurations = (
				A77899DB211867B60045D00C /* Debug */,
				A77899DC211867B60045D00C /* Release */,
			);
			defaultConfigurationIsVisible = 0;
			defaultConfigurationName = Release;
		};
		A77899DD211867B60045D00C /* Build configuration list for PBXNativeTarget "JustClean" */ = {
			isa = XCConfigurationList;
			buildConfigurations = (
				A77899DE211867B60045D00C /* Debug */,
				A77899DF211867B60045D00C /* Release */,
			);
			defaultConfigurationIsVisible = 0;
			defaultConfigurationName = Release;
		};
/* End XCConfigurationList section */
	};
	rootObject = A77899C3211867B50045D00C /* Project object */;
}
